
Microsoft Visual Studio Solution File, Format Version 12.00
# Visual Studio Version 16
VisualStudioVersion = 16.0.28917.181
MinimumVisualStudioVersion = 10.0.40219.1
Project("{9A19103F-16F7-4668-BE54-9A1E7A4F7556}") = "GCPCalcTests", "GCPCalcTests\GCPCalcTests.csproj", "{2E4E10E0-1C51-4022-B538-6D9F0290BEFD}"
EndProject
Project("{9A19103F-16F7-4668-BE54-9A1E7A4F7556}") = "GCPCalc", "GCPCalc\GCPCalc.csproj", "{708816FE-0BA7-415D-9176-E2B4F9AA7811}"
EndProject
Global
	GlobalSection(SolutionConfigurationPlatforms) = preSolution
		Debug|Any CPU = Debug|Any CPU
		Release|Any CPU = Release|Any CPU
	EndGlobalSection
	GlobalSection(ProjectConfigurationPlatforms) = postSolution
		{2E4E10E0-1C51-4022-B538-6D9F0290BEFD}.Debug|Any CPU.ActiveCfg = Debug|Any CPU
		{2E4E10E0-1C51-4022-B538-6D9F0290BEFD}.Debug|Any CPU.Build.0 = Debug|Any CPU
		{2E4E10E0-1C51-4022-B538-6D9F0290BEFD}.Release|Any CPU.ActiveCfg = Release|Any CPU
		{2E4E10E0-1C51-4022-B538-6D9F0290BEFD}.Release|Any CPU.Build.0 = Release|Any CPU
		{708816FE-0BA7-415D-9176-E2B4F9AA7811}.Debug|Any CPU.ActiveCfg = Debug|Any CPU
		{708816FE-0BA7-415D-9176-E2B4F9AA7811}.Debug|Any CPU.Build.0 = Debug|Any CPU
		{708816FE-0BA7-415D-9176-E2B4F9AA7811}.Release|Any CPU.ActiveCfg = Release|Any CPU
		{708816FE-0BA7-415D-9176-E2B4F9AA7811}.Release|Any CPU.Build.0 = Release|Any CPU
	EndGlobalSection
	GlobalSection(SolutionProperties) = preSolution
		HideSolutionNode = FALSE
	EndGlobalSection
	GlobalSection(ExtensibilityGlobals) = postSolution
		SolutionGuid = {808A9A05-555B-4799-BB01-41D609DD4CD9}
	EndGlobalSection
EndGlobal
